
Microsoft Visual Studio Solution File, Format Version 12.00
# Visual Studio Version 16
VisualStudioVersion = 16.0.31729.503
MinimumVisualStudioVersion = 10.0.40219.1
Project("{FAE04EC0-301F-11D3-BF4B-00C04F79EFBC}") = "AccesoDatosCore", "AccesoDatosCore\AccesoDatosCore.csproj", "{C1B32B2B-304D-4FE5-8C42-B37B65501461}"
EndProject
Global
	GlobalSection(SolutionConfigurationPlatforms) = preSolution
		Debug|Any CPU = Debug|Any CPU
		Release|Any CPU = Release|Any CPU
	EndGlobalSection
	GlobalSection(ProjectConfigurationPlatforms) = postSolution
		{C1B32B2B-304D-4FE5-8C42-B37B65501461}.Debug|Any CPU.ActiveCfg = Debug|Any CPU
		{C1B32B2B-304D-4FE5-8C42-B37B65501461}.Debug|Any CPU.Build.0 = Debug|Any CPU
		{C1B32B2B-304D-4FE5-8C42-B37B65501461}.Release|Any CPU.ActiveCfg = Release|Any CPU
		{C1B32B2B-304D-4FE5-8C42-B37B65501461}.Release|Any CPU.Build.0 = Release|Any CPU
	EndGlobalSection
	GlobalSection(SolutionProperties) = preSolution
		HideSolutionNode = FALSE
	EndGlobalSection
	GlobalSection(ExtensibilityGlobals) = postSolution
		SolutionGuid = {2C6595E0-8A99-41E4-B7B4-3B3530D6D6F6}
	EndGlobalSection
EndGlobal
